
Microsoft Visual Studio Solution File, Format Version 12.00
# Visual Studio Version 16
VisualStudioVersion = 16.0.30002.166
MinimumVisualStudioVersion = 10.0.40219.1
Project("{9A19103F-16F7-4668-BE54-9A1E7A4F7556}") = "RestApi", "RestApi\RestApi.csproj", "{21CDB217-603C-4ABF-A8DB-0FDBCA64F798}"
EndProject
Project("{2150E333-8FDC-42A3-9474-1A3956D46DE8}") = "Solution Items", "Solution Items", "{A4AD8C60-8E51-48CA-B9D2-166A331802C2}"
	ProjectSection(SolutionItems) = preProject
		.gitignore = .gitignore
		README.md = README.md
	EndProjectSection
EndProject
Project("{E53339B2-1760-4266-BCC7-CA923CBCF16C}") = "docker-compose", "docker-compose.dcproj", "{FBEC0876-C6D6-4268-ADA1-99105A26E15F}"
EndProject
Global
	GlobalSection(SolutionConfigurationPlatforms) = preSolution
		Debug|Any CPU = Debug|Any CPU
		Release|Any CPU = Release|Any CPU
	EndGlobalSection
	GlobalSection(ProjectConfigurationPlatforms) = postSolution
		{21CDB217-603C-4ABF-A8DB-0FDBCA64F798}.Debug|Any CPU.ActiveCfg = Debug|Any CPU
		{21CDB217-603C-4ABF-A8DB-0FDBCA64F798}.Debug|Any CPU.Build.0 = Debug|Any CPU
		{21CDB217-603C-4ABF-A8DB-0FDBCA64F798}.Release|Any CPU.ActiveCfg = Release|Any CPU
		{21CDB217-603C-4ABF-A8DB-0FDBCA64F798}.Release|Any CPU.Build.0 = Release|Any CPU
		{FBEC0876-C6D6-4268-ADA1-99105A26E15F}.Debug|Any CPU.ActiveCfg = Debug|Any CPU
		{FBEC0876-C6D6-4268-ADA1-99105A26E15F}.Debug|Any CPU.Build.0 = Debug|Any CPU
		{FBEC0876-C6D6-4268-ADA1-99105A26E15F}.Release|Any CPU.ActiveCfg = Release|Any CPU
		{FBEC0876-C6D6-4268-ADA1-99105A26E15F}.Release|Any CPU.Build.0 = Release|Any CPU
	EndGlobalSection
	GlobalSection(SolutionProperties) = preSolution
		HideSolutionNode = FALSE
	EndGlobalSection
	GlobalSection(ExtensibilityGlobals) = postSolution
		SolutionGuid = {4AA220F0-411D-4860-8085-C01EE1F3A67F}
	EndGlobalSection
EndGlobal
